
Microsoft Visual Studio Solution File, Format Version 12.00
# Visual Studio Version 16
VisualStudioVersion = 16.0.29509.3
MinimumVisualStudioVersion = 10.0.40219.1
Project("{9A19103F-16F7-4668-BE54-9A1E7A4F7556}") = "DiceParser", "DiceParser\DiceParser.csproj", "{0DCE38EC-DB21-4A63-91D3-C59002D06036}"
EndProject
Global
	GlobalSection(SolutionConfigurationPlatforms) = preSolution
		Debug|Any CPU = Debug|Any CPU
		Release|Any CPU = Release|Any CPU
	EndGlobalSection
	GlobalSection(ProjectConfigurationPlatforms) = postSolution
		{0DCE38EC-DB21-4A63-91D3-C59002D06036}.Debug|Any CPU.ActiveCfg = Debug|Any CPU
		{0DCE38EC-DB21-4A63-91D3-C59002D06036}.Debug|Any CPU.Build.0 = Debug|Any CPU
		{0DCE38EC-DB21-4A63-91D3-C59002D06036}.Release|Any CPU.ActiveCfg = Release|Any CPU
		{0DCE38EC-DB21-4A63-91D3-C59002D06036}.Release|Any CPU.Build.0 = Release|Any CPU
	EndGlobalSection
	GlobalSection(SolutionProperties) = preSolution
		HideSolutionNode = FALSE
	EndGlobalSection
	GlobalSection(ExtensibilityGlobals) = postSolution
		SolutionGuid = {FE197594-F39F-40C1-A7EA-2079312539F7}
	EndGlobalSection
EndGlobal
